
Microsoft Visual Studio Solution File, Format Version 12.00
# Visual Studio Version 17
VisualStudioVersion = 17.3.32819.101
MinimumVisualStudioVersion = 10.0.40219.1
Project("{9A19103F-16F7-4668-BE54-9A1E7A4F7556}") = "OTelAwsLambdaSample.Lambda", "OTelAwsLambdaSample.Lambda\OTelAwsLambdaSample.Lambda.csproj", "{3E5EB775-98B7-43C6-A2EF-BBC1E45AAEDB}"
EndProject
Project("{FAE04EC0-301F-11D3-BF4B-00C04F79EFBC}") = "OTelAwsLambdaSample.Lambda.Test", "OTelAwsLambdaSample.Lambda.Test\OTelAwsLambdaSample.Lambda.Test.csproj", "{F9493C79-80F7-44E0-BE19-63744C6251E9}"
EndProject
Global
	GlobalSection(SolutionConfigurationPlatforms) = preSolution
		Debug|Any CPU = Debug|Any CPU
		Release|Any CPU = Release|Any CPU
	EndGlobalSection
	GlobalSection(ProjectConfigurationPlatforms) = postSolution
		{3E5EB775-98B7-43C6-A2EF-BBC1E45AAEDB}.Debug|Any CPU.ActiveCfg = Debug|Any CPU
		{3E5EB775-98B7-43C6-A2EF-BBC1E45AAEDB}.Debug|Any CPU.Build.0 = Debug|Any CPU
		{3E5EB775-98B7-43C6-A2EF-BBC1E45AAEDB}.Release|Any CPU.ActiveCfg = Release|Any CPU
		{3E5EB775-98B7-43C6-A2EF-BBC1E45AAEDB}.Release|Any CPU.Build.0 = Release|Any CPU
		{F9493C79-80F7-44E0-BE19-63744C6251E9}.Debug|Any CPU.ActiveCfg = Debug|Any CPU
		{F9493C79-80F7-44E0-BE19-63744C6251E9}.Debug|Any CPU.Build.0 = Debug|Any CPU
		{F9493C79-80F7-44E0-BE19-63744C6251E9}.Release|Any CPU.ActiveCfg = Release|Any CPU
		{F9493C79-80F7-44E0-BE19-63744C6251E9}.Release|Any CPU.Build.0 = Release|Any CPU
	EndGlobalSection
	GlobalSection(SolutionProperties) = preSolution
		HideSolutionNode = FALSE
	EndGlobalSection
	GlobalSection(ExtensibilityGlobals) = postSolution
		SolutionGuid = {BB93FC76-C9CF-4DA6-A97C-E335779432BA}
	EndGlobalSection
EndGlobal
